github.com/Microsoft/go-winio v0.6.2 h1:F2VQgta7ecxGYO8k3ZZz3RS8fVIXVxONVUPlNERoyfY=
github.com/Microsoft/go-winio v0.6.2/go.mod h1:yd8OoFMLzJbo9gZq8j5qaps8bJ9aShtEA8Ipt1oGCvU=
github.com/creack/pty v1.1.24 h1:bJrF4RRfyJnbTJqzRLHzcGaZK1NeM5kTC9jGgovnR1s=
github.com/creack/pty v1.1.24/go.mod h1:08sCNb52WyoAwi2QDyzUCTgcvVFhUzewun7wtTfvcwE=
github.com/soksak-ai/soksak-contract-control v0.0.0-20260828155924-20004de4c826 h1:RdMPPFYaX7//HXGbXUbVTqW6bPGL4xw+JiFsb4izhDc=
github.com/soksak-ai/soksak-contract-control v0.0.0-20260828155924-20004de4c826/go.mod h1:attu3HRIL9ErRVPXHEj20rrsPswUyqH53HEMd7qXyWw=
github.com/soksak-ai/soksak-contract-pty v0.0.0-20260826064645-b2cedbca1cfa h1:VEROFEbyBqjrJKKJ0EutFBHmXMOK3cCDwnZhMgFUtOc=
github.com/soksak-ai/soksak-contract-pty v0.0.0-20260826064645-b2cedbca1cfa/go.mod h1:u591ly839/wznZbPb/yeWSbSvK22MFujozhchwp0oa4=
golang.org/x/sys v0.47.0 h1:o7XGOvZQCADBQQ4Y7VNq2dRWQR7JmOUW8Kxx4ZsNgWs=
golang.org/x/sys v0.47.0/go.mod h1:4GL1E5IUh+htKOUEOaiffhrAeqysfVGipDYzABqnCmw=
