github.com/Microsoft/go-winio v0.6.2 h1:F2VQgta7ecxGYO8k3ZZz3RS8fVIXVxONVUPlNERoyfY=
github.com/Microsoft/go-winio v0.6.2/go.mod h1:yd8OoFMLzJbo9gZq8j5qaps8bJ9aShtEA8Ipt1oGCvU=
github.com/creack/pty v1.1.24 h1:bJrF4RRfyJnbTJqzRLHzcGaZK1NeM5kTC9jGgovnR1s=
github.com/creack/pty v1.1.24/go.mod h1:08sCNb52WyoAwi2QDyzUCTgcvVFhUzewun7wtTfvcwE=
github.com/soksak-ai/soksak-contract-control v0.0.0-20260828235542-49d302c230a8 h1:Ulxc9USlrWn0Lf8Zi7b4dglHqqxkuow0kVxq+4c8BKg=
github.com/soksak-ai/soksak-contract-control v0.0.0-20260828235542-49d302c230a8/go.mod h1:attu3HRIL9ErRVPXHEj20rrsPswUyqH53HEMd7qXyWw=
github.com/soksak-ai/soksak-contract-pty v0.0.0-20260828235508-b5715ead143a h1:GvbZyeoXs99Z16ooovHd4L/1mPgAP/2zSy7Smd7nQQ4=
github.com/soksak-ai/soksak-contract-pty v0.0.0-20260828235508-b5715ead143a/go.mod h1:u591ly839/wznZbPb/yeWSbSvK22MFujozhchwp0oa4=
golang.org/x/sys v0.47.0 h1:o7XGOvZQCADBQQ4Y7VNq2dRWQR7JmOUW8Kxx4ZsNgWs=
golang.org/x/sys v0.47.0/go.mod h1:4GL1E5IUh+htKOUEOaiffhrAeqysfVGipDYzABqnCmw=
